// !$*UTF8*$!
{
	archiveVersion = 1;
	classes = {
	};
	objectVersion = 46;
	objects = {

/* Begin PBXBuildFile section */
		044975891DE6766F005F1E0C /* YzcChartView.m in Sources */ = {isa = PBXBuildFile; fileRef = 044975861DE6766F005F1E0C /* YzcChartView.m */; };
		0449758A1DE6766F005F1E0C /* YzcLabel.m in Sources */ = {isa = PBXBuildFile; fileRef = 044975881DE6766F005F1E0C /* YzcLabel.m */; };
		045382F71DD411A400BAF33D /* main.m in Sources */ = {isa = PBXBuildFile; fileRef = 045382F61DD411A400BAF33D /* main.m */; };
		045382FA1DD411A400BAF33D /* AppDelegate.m in Sources */ = {isa = PBXBuildFile; fileRef = 045382F91DD411A400BAF33D /* AppDelegate.m */; };
		045382FD1DD411A400BAF33D /* ViewController.m in Sources */ = {isa = PBXBuildFile; fileRef = 045382FC1DD411A400BAF33D /* ViewController.m */; };
		045383001DD411A400BAF33D /* Main.storyboard in Resources */ = {isa = PBXBuildFile; fileRef = 045382FE1DD411A400BAF33D /* Main.storyboard */; };
		045383021DD411A400BAF33D /* Assets.xcassets in Resources */ = {isa = PBXBuildFile; fileRef = 045383011DD411A400BAF33D /* Assets.xcassets */; };
		045383051DD411A400BAF33D /* LaunchScreen.storyboard in Resources */ = {isa = PBXBuildFile; fileRef = 045383031DD411A400BAF33D /* LaunchScreen.storyboard */; };
		045383101DD411A400BAF33D /* YzcChartTests.m in Sources */ = {isa = PBXBuildFile; fileRef = 0453830F1DD411A400BAF33D /* YzcChartTests.m */; };
		0453831B1DD411A400BAF33D /* YzcChartUITests.m in Sources */ = {isa = PBXBuildFile; fileRef = 0453831A1DD411A400BAF33D /* YzcChartUITests.m */; };
		D71181C71DE9BE46006BF97E /* YzcBarChart.m in Sources */ = {isa = PBXBuildFile; fileRef = D71181C61DE9BE46006BF97E /* YzcBarChart.m */; };
		D71181CA1DE9C4A8006BF97E /* YzcBar.m in Sources */ = {isa = PBXBuildFile; fileRef = D71181C91DE9C4A8006BF97E /* YzcBar.m */; };
		D7AF2BA01DEA745A004E1292 /* YzcConst.m in Sources */ = {isa = PBXBuildFile; fileRef = D7AF2B9F1DEA745A004E1292 /* YzcConst.m */; };
/* End PBXBuildFile section */

/* Begin PBXContainerItemProxy section */
		0453830C1DD411A400BAF33D /* PBXContainerItemProxy */ = {
			isa = PBXContainerItemProxy;
			containerPortal = 045382EA1DD411A400BAF33D /* Project object */;
			proxyType = 1;
			remoteGlobalIDString = 045382F11DD411A400BAF33D;
			remoteInfo = YzcChart;
		};
		045383171DD411A400BAF33D /* PBXContainerItemProxy */ = {
			isa = PBXContainerItemProxy;
			containerPortal = 045382EA1DD411A400BAF33D /* Project object */;
			proxyType = 1;
			remoteGlobalIDString = 045382F11DD411A400BAF33D;
			remoteInfo = YzcChart;
		};
/* End PBXContainerItemProxy section */

/* Begin PBXFileReference section */
		044975851DE6766F005F1E0C /* YzcChartView.h */ = {isa = PBXFileReference; fileEncoding = 4; lastKnownFileType = sourcecode.c.h; path = YzcChartView.h; sourceTree = "<group>"; };
		044975861DE6766F005F1E0C /* YzcChartView.m */ = {isa = PBXFileReference; fileEncoding = 4; lastKnownFileType = sourcecode.c.objc; path = YzcChartView.m; sourceTree = "<group>"; };
		044975871DE6766F005F1E0C /* YzcLabel.h */ = {isa = PBXFileReference; fileEncoding = 4; lastKnownFileType = sourcecode.c.h; path = YzcLabel.h; sourceTree = "<group>"; };
		044975881DE6766F005F1E0C /* YzcLabel.m */ = {isa = PBXFileReference; fileEncoding = 4; lastKnownFileType = sourcecode.c.objc; path = YzcLabel.m; sourceTree = "<group>"; };
		045382F21DD411A400BAF33D /* YzcChart.app */ = {isa = PBXFileReference; explicitFileType = wrapper.application; includeInIndex = 0; path = YzcChart.app; sourceTree = BUILT_PRODUCTS_DIR; };
		045382F61DD411A400BAF33D /* main.m */ = {isa = PBXFileReference; lastKnownFileType = sourcecode.c.objc; path = main.m; sourceTree = "<group>"; };
		045382F81DD411A400BAF33D /* AppDelegate.h */ = {isa = PBXFileReference; lastKnownFileType = sourcecode.c.h; path = AppDelegate.h; sourceTree = "<group>"; };
		045382F91DD411A400BAF33D /* AppDelegate.m */ = {isa = PBXFileReference; lastKnownFileType = sourcecode.c.objc; path = AppDelegate.m; sourceTree = "<group>"; };
		045382FB1DD411A400BAF33D /* ViewController.h */ = {isa = PBXFileReference; lastKnownFileType = sourcecode.c.h; path = ViewController.h; sourceTree = "<group>"; };
		045382FC1DD411A400BAF33D /* ViewController.m */ = {isa = PBXFileReference; lastKnownFileType = sourcecode.c.objc; path = ViewController.m; sourceTree = "<group>"; };
		045382FF1DD411A400BAF33D /* Base */ = {isa = PBXFileReference; lastKnownFileType = file.storyboard; name = Base; path = Base.lproj/Main.storyboard; sourceTree = "<group>"; };
		045383011DD411A400BAF33D /* Assets.xcassets */ = {isa = PBXFileReference; lastKnownFileType = folder.assetcatalog; path = Assets.xcassets; sourceTree = "<group>"; };
		045383041DD411A400BAF33D /* Base */ = {isa = PBXFileReference; lastKnownFileType = file.storyboard; name = Base; path = Base.lproj/LaunchScreen.storyboard; sourceTree = "<group>"; };
		045383061DD411A400BAF33D /* Info.plist */ = {isa = PBXFileReference; lastKnownFileType = text.plist.xml; path = Info.plist; sourceTree = "<group>"; };
		0453830B1DD411A400BAF33D /* YzcChartTests.xctest */ = {isa = PBXFileReference; explicitFileType = wrapper.cfbundle; includeInIndex = 0; path = YzcChartTests.xctest; sourceTree = BUILT_PRODUCTS_DIR; };
		0453830F1DD411A400BAF33D /* YzcChartTests.m */ = {isa = PBXFileReference; lastKnownFileType = sourcecode.c.objc; path = YzcChartTests.m; sourceTree = "<group>"; };
		045383111DD411A400BAF33D /* Info.plist */ = {isa = PBXFileReference; lastKnownFileType = text.plist.xml; path = Info.plist; sourceTree = "<group>"; };
		045383161DD411A400BAF33D /* YzcChartUITests.xctest */ = {isa = PBXFileReference; explicitFileType = wrapper.cfbundle; includeInIndex = 0; path = YzcChartUITests.xctest; sourceTree = BUILT_PRODUCTS_DIR; };
		0453831A1DD411A400BAF33D /* YzcChartUITests.m */ = {isa = PBXFileReference; lastKnownFileType = sourcecode.c.objc; path = YzcChartUITests.m; sourceTree = "<group>"; };
		0453831C1DD411A400BAF33D /* Info.plist */ = {isa = PBXFileReference; lastKnownFileType = text.plist.xml; path = Info.plist; sourceTree = "<group>"; };
		D71181C51DE9BE46006BF97E /* YzcBarChart.h */ = {isa = PBXFileReference; fileEncoding = 4; lastKnownFileType = sourcecode.c.h; path = YzcBarChart.h; sourceTree = "<group>"; };
		D71181C61DE9BE46006BF97E /* YzcBarChart.m */ = {isa = PBXFileReference; fileEncoding = 4; lastKnownFileType = sourcecode.c.objc; path = YzcBarChart.m; sourceTree = "<group>"; };
		D71181C81DE9C4A8006BF97E /* YzcBar.h */ = {isa = PBXFileReference; fileEncoding = 4; lastKnownFileType = sourcecode.c.h; path = YzcBar.h; sourceTree = "<group>"; };
		D71181C91DE9C4A8006BF97E /* YzcBar.m */ = {isa = PBXFileReference; fileEncoding = 4; lastKnownFileType = sourcecode.c.objc; path = YzcBar.m; sourceTree = "<group>"; };
		D7AF2B9E1DEA745A004E1292 /* YzcConst.h */ = {isa = PBXFileReference; fileEncoding = 4; lastKnownFileType = sourcecode.c.h; path = YzcConst.h; sourceTree = "<group>"; };
		D7AF2B9F1DEA745A004E1292 /* YzcConst.m */ = {isa = PBXFileReference; fileEncoding = 4; lastKnownFileType = sourcecode.c.objc; path = YzcConst.m; sourceTree = "<group>"; };
/* End PBXFileReference section */

/* Begin PBXFrameworksBuildPhase section */
		045382EF1DD411A400BAF33D /* Frameworks */ = {
			isa = PBXFrameworksBuildPhase;
			buildActionMask = 2147483647;
			files = (
			);
			runOnlyForDeploymentPostprocessing = 0;
		};
		045383081DD411A400BAF33D /* Frameworks */ = {
			isa = PBXFrameworksBuildPhase;
			buildActionMask = 2147483647;
			files = (
			);
			runOnlyForDeploymentPostprocessing = 0;
		};
		045383131DD411A400BAF33D /* Frameworks */ = {
			isa = PBXFrameworksBuildPhase;
			buildActionMask = 2147483647;
			files = (
			);
			runOnlyForDeploymentPostprocessing = 0;
		};
/* End PBXFrameworksBuildPhase section */

/* Begin PBXGroup section */
		044975841DE6766F005F1E0C /* YzcChart */ = {
			isa = PBXGroup;
			children = (
				044975851DE6766F005F1E0C /* YzcChartView.h */,
				044975861DE6766F005F1E0C /* YzcChartView.m */,
				044975871DE6766F005F1E0C /* YzcLabel.h */,
				044975881DE6766F005F1E0C /* YzcLabel.m */,
				D71181C51DE9BE46006BF97E /* YzcBarChart.h */,
				D71181C61DE9BE46006BF97E /* YzcBarChart.m */,
				D71181C81DE9C4A8006BF97E /* YzcBar.h */,
				D71181C91DE9C4A8006BF97E /* YzcBar.m */,
				D7AF2B9E1DEA745A004E1292 /* YzcConst.h */,
				D7AF2B9F1DEA745A004E1292 /* YzcConst.m */,
			);
			path = YzcChart;
			sourceTree = "<group>";
		};
		045382E91DD411A400BAF33D = {
			isa = PBXGroup;
			children = (
				045382F41DD411A400BAF33D /* YzcChart */,
				0453830E1DD411A400BAF33D /* YzcChartTests */,
				045383191DD411A400BAF33D /* YzcChartUITests */,
				045382F31DD411A400BAF33D /* Products */,
			);
			sourceTree = "<group>";
		};
		045382F31DD411A400BAF33D /* Products */ = {
			isa = PBXGroup;
			children = (
				045382F21DD411A400BAF33D /* YzcChart.app */,
				0453830B1DD411A400BAF33D /* YzcChartTests.xctest */,
				045383161DD411A400BAF33D /* YzcChartUITests.xctest */,
			);
			name = Products;
			sourceTree = "<group>";
		};
		045382F41DD411A400BAF33D /* YzcChart */ = {
			isa = PBXGroup;
			children = (
				044975841DE6766F005F1E0C /* YzcChart */,
				045382F81DD411A400BAF33D /* AppDelegate.h */,
				045382F91DD411A400BAF33D /* AppDelegate.m */,
				045382FB1DD411A400BAF33D /* ViewController.h */,
				045382FC1DD411A400BAF33D /* ViewController.m */,
				045382FE1DD411A400BAF33D /* Main.storyboard */,
				045383011DD411A400BAF33D /* Assets.xcassets */,
				045383031DD411A400BAF33D /* LaunchScreen.storyboard */,
				045383061DD411A400BAF33D /* Info.plist */,
				045382F51DD411A400BAF33D /* Supporting Files */,
			);
			path = YzcChart;
			sourceTree = "<group>";
		};
		045382F51DD411A400BAF33D /* Supporting Files */ = {
			isa = PBXGroup;
			children = (
				045382F61DD411A400BAF33D /* main.m */,
			);
			name = "Supporting Files";
			sourceTree = "<group>";
		};
		0453830E1DD411A400BAF33D /* YzcChartTests */ = {
			isa = PBXGroup;
			children = (
				0453830F1DD411A400BAF33D /* YzcChartTests.m */,
				045383111DD411A400BAF33D /* Info.plist */,
			);
			path = YzcChartTests;
			sourceTree = "<group>";
		};
		045383191DD411A400BAF33D /* YzcChartUITests */ = {
			isa = PBXGroup;
			children = (
				0453831A1DD411A400BAF33D /* YzcChartUITests.m */,
				0453831C1DD411A400BAF33D /* Info.plist */,
			);
			path = YzcChartUITests;
			sourceTree = "<group>";
		};
/* End PBXGroup section */

/* Begin PBXNativeTarget section */
		045382F11DD411A400BAF33D /* YzcChart */ = {
			isa = PBXNativeTarget;
			buildConfigurationList = 0453831F1DD411A400BAF33D /* Build configuration list for PBXNativeTarget "YzcChart" */;
			buildPhases = (
				045382EE1DD411A400BAF33D /* Sources */,
				045382EF1DD411A400BAF33D /* Frameworks */,
				045382F01DD411A400BAF33D /* Resources */,
			);
			buildRules = (
			);
			dependencies = (
			);
			name = YzcChart;
			productName = YzcChart;
			productReference = 045382F21DD411A400BAF33D /* YzcChart.app */;
			productType = "com.apple.product-type.application";
		};
		0453830A1DD411A400BAF33D /* YzcChartTests */ = {
			isa = PBXNativeTarget;
			buildConfigurationList = 045383221DD411A400BAF33D /* Build configuration list for PBXNativeTarget "YzcChartTests" */;
			buildPhases = (
				045383071DD411A400BAF33D /* Sources */,
				045383081DD411A400BAF33D /* Frameworks */,
				045383091DD411A400BAF33D /* Resources */,
			);
			buildRules = (
			);
			dependencies = (
				0453830D1DD411A400BAF33D /* PBXTargetDependency */,
			);
			name = YzcChartTests;
			productName = YzcChartTests;
			productReference = 0453830B1DD411A400BAF33D /* YzcChartTests.xctest */;
			productType = "com.apple.product-type.bundle.unit-test";
		};
		045383151DD411A400BAF33D /* YzcChartUITests */ = {
			isa = PBXNativeTarget;
			buildConfigurationList = 045383251DD411A400BAF33D /* Build configuration list for PBXNativeTarget "YzcChartUITests" */;
			buildPhases = (
				045383121DD411A400BAF33D /* Sources */,
				045383131DD411A400BAF33D /* Frameworks */,
				045383141DD411A400BAF33D /* Resources */,
			);
			buildRules = (
			);
			dependencies = (
				045383181DD411A400BAF33D /* PBXTargetDependency */,
			);
			name = YzcChartUITests;
			productName = YzcChartUITests;
			productReference = 045383161DD411A400BAF33D /* YzcChartUITests.xctest */;
			productType = "com.apple.product-type.bundle.ui-testing";
		};
/* End PBXNativeTarget section */

/* Begin PBXProject section */
		045382EA1DD411A400BAF33D /* Project object */ = {
			isa = PBXProject;
			attributes = {
				LastUpgradeCheck = 0810;
				ORGANIZATIONNAME = yzc;
				TargetAttributes = {
					045382F11DD411A400BAF33D = {
						CreatedOnToolsVersion = 8.1;
						DevelopmentTeam = ZFHSP8SEMY;
						ProvisioningStyle = Automatic;
					};
					0453830A1DD411A400BAF33D = {
						CreatedOnToolsVersion = 8.1;
						DevelopmentTeam = ZFHSP8SEMY;
						ProvisioningStyle = Automatic;
						TestTargetID = 045382F11DD411A400BAF33D;
					};
					045383151DD411A400BAF33D = {
						CreatedOnToolsVersion = 8.1;
						DevelopmentTeam = ZFHSP8SEMY;
						ProvisioningStyle = Automatic;
						TestTargetID = 045382F11DD411A400BAF33D;
					};
				};
			};
			buildConfigurationList = 045382ED1DD411A400BAF33D /* Build configuration list for PBXProject "YzcChart" */;
			compatibilityVersion = "Xcode 3.2";
			developmentRegion = English;
			hasScannedForEncodings = 0;
			knownRegions = (
				en,
				Base,
			);
			mainGroup = 045382E91DD411A400BAF33D;
			productRefGroup = 045382F31DD411A400BAF33D /* Products */;
			projectDirPath = "";
			projectRoot = "";
			targets = (
				045382F11DD411A400BAF33D /* YzcChart */,
				0453830A1DD411A400BAF33D /* YzcChartTests */,
				045383151DD411A400BAF33D /* YzcChartUITests */,
			);
		};
/* End PBXProject section */

/* Begin PBXResourcesBuildPhase section */
		045382F01DD411A400BAF33D /* Resources */ = {
			isa = PBXResourcesBuildPhase;
			buildActionMask = 2147483647;
			files = (
				045383051DD411A400BAF33D /* LaunchScreen.storyboard in Resources */,
				045383021DD411A400BAF33D /* Assets.xcassets in Resources */,
				045383001DD411A400BAF33D /* Main.storyboard in Resources */,
			);
			runOnlyForDeploymentPostprocessing = 0;
		};
		045383091DD411A400BAF33D /* Resources */ = {
			isa = PBXResourcesBuildPhase;
			buildActionMask = 2147483647;
			files = (
			);
			runOnlyForDeploymentPostprocessing = 0;
		};
		045383141DD411A400BAF33D /* Resources */ = {
			isa = PBXResourcesBuildPhase;
			buildActionMask = 2147483647;
			files = (
			);
			runOnlyForDeploymentPostprocessing = 0;
		};
/* End PBXResourcesBuildPhase section */

/* Begin PBXSourcesBuildPhase section */
		045382EE1DD411A400BAF33D /* Sources */ = {
			isa = PBXSourcesBuildPhase;
			buildActionMask = 2147483647;
			files = (
				044975891DE6766F005F1E0C /* YzcChartView.m in Sources */,
				045382FD1DD411A400BAF33D /* ViewController.m in Sources */,
				D7AF2BA01DEA745A004E1292 /* YzcConst.m in Sources */,
				045382FA1DD411A400BAF33D /* AppDelegate.m in Sources */,
				0449758A1DE6766F005F1E0C /* YzcLabel.m in Sources */,
				045382F71DD411A400BAF33D /* main.m in Sources */,
				D71181CA1DE9C4A8006BF97E /* YzcBar.m in Sources */,
				D71181C71DE9BE46006BF97E /* YzcBarChart.m in Sources */,
			);
			runOnlyForDeploymentPostprocessing = 0;
		};
		045383071DD411A400BAF33D /* Sources */ = {
			isa = PBXSourcesBuildPhase;
			buildActionMask = 2147483647;
			files = (
				045383101DD411A400BAF33D /* YzcChartTests.m in Sources */,
			);
			runOnlyForDeploymentPostprocessing = 0;
		};
		045383121DD411A400BAF33D /* Sources */ = {
			isa = PBXSourcesBuildPhase;
			buildActionMask = 2147483647;
			files = (
				0453831B1DD411A400BAF33D /* YzcChartUITests.m in Sources */,
			);
			runOnlyForDeploymentPostprocessing = 0;
		};
/* End PBXSourcesBuildPhase section */

/* Begin PBXTargetDependency section */
		0453830D1DD411A400BAF33D /* PBXTargetDependency */ = {
			isa = PBXTargetDependency;
			target = 045382F11DD411A400BAF33D /* YzcChart */;
			targetProxy = 0453830C1DD411A400BAF33D /* PBXContainerItemProxy */;
		};
		045383181DD411A400BAF33D /* PBXTargetDependency */ = {
			isa = PBXTargetDependency;
			target = 045382F11DD411A400BAF33D /* YzcChart */;
			targetProxy = 045383171DD411A400BAF33D /* PBXContainerItemProxy */;
		};
/* End PBXTargetDependency section */

/* Begin PBXVariantGroup section */
		045382FE1DD411A400BAF33D /* Main.storyboard */ = {
			isa = PBXVariantGroup;
			children = (
				045382FF1DD411A400BAF33D /* Base */,
			);
			name = Main.storyboard;
			sourceTree = "<group>";
		};
		045383031DD411A400BAF33D /* LaunchScreen.storyboard */ = {
			isa = PBXVariantGroup;
			children = (
				045383041DD411A400BAF33D /* Base */,
			);
			name = LaunchScreen.storyboard;
			sourceTree = "<group>";
		};
/* End PBXVariantGroup section */

/* Begin XCBuildConfiguration section */
		0453831D1DD411A400BAF33D /* Debug */ = {
			isa = XCBuildConfiguration;
			buildSettings = {
				ALWAYS_SEARCH_USER_PATHS = NO;
				CLANG_ANALYZER_NONNULL = YES;
				CLANG_CXX_LANGUAGE_STANDARD = "gnu++0x";
				CLANG_CXX_LIBRARY = "libc++";
				CLANG_ENABLE_MODULES = YES;
				CLANG_ENABLE_OBJC_ARC = YES;
				CLANG_WARN_BOOL_CONVERSION = YES;
				CLANG_WARN_CONSTANT_CONVERSION = YES;
				CLANG_WARN_DIRECT_OBJC_ISA_USAGE = YES_ERROR;
				CLANG_WARN_DOCUMENTATION_COMMENTS = YES;
				CLANG_WARN_EMPTY_BODY = YES;
				CLANG_WARN_ENUM_CONVERSION = YES;
				CLANG_WARN_INFINITE_RECURSION = YES;
				CLANG_WARN_INT_CONVERSION = YES;
				CLANG_WARN_OBJC_ROOT_CLASS = YES_ERROR;
				CLANG_WARN_SUSPICIOUS_MOVES = YES;
				CLANG_WARN_UNREACHABLE_CODE = YES;
				CLANG_WARN__DUPLICATE_METHOD_MATCH = YES;
				"CODE_SIGN_IDENTITY[sdk=iphoneos*]" = "iPhone Developer";
				COPY_PHASE_STRIP = NO;
				DEBUG_INFORMATION_FORMAT = dwarf;
				ENABLE_STRICT_OBJC_MSGSEND = YES;
				ENABLE_TESTABILITY = YES;
				GCC_C_LANGUAGE_STANDARD = gnu99;
				GCC_DYNAMIC_NO_PIC = NO;
				GCC_NO_COMMON_BLOCKS = YES;
				GCC_OPTIMIZATION_LEVEL = 0;
				GCC_PREPROCESSOR_DEFINITIONS = (
					"DEBUG=1",
					"$(inherited)",
				);
				GCC_WARN_64_TO_32_BIT_CONVERSION = YES;
				GCC_WARN_ABOUT_RETURN_TYPE = YES_ERROR;
				GCC_WARN_UNDECLARED_SELECTOR = YES;
				GCC_WARN_UNINITIALIZED_AUTOS = YES_AGGRESSIVE;
				GCC_WARN_UNUSED_FUNCTION = YES;
				GCC_WARN_UNUSED_VARIABLE = YES;
				IPHONEOS_DEPLOYMENT_TARGET = 10.1;
				MTL_ENABLE_DEBUG_INFO = YES;
				ONLY_ACTIVE_ARCH = YES;
				SDKROOT = iphoneos;
			};
			name = Debug;
		};
		0453831E1DD411A400BAF33D /* Release */ = {
			isa = XCBuildConfiguration;
			buildSettings = {
				ALWAYS_SEARCH_USER_PATHS = NO;
				CLANG_ANALYZER_NONNULL = YES;
				CLANG_CXX_LANGUAGE_STANDARD = "gnu++0x";
				CLANG_CXX_LIBRARY = "libc++";
				CLANG_ENABLE_MODULES = YES;
				CLANG_ENABLE_OBJC_ARC = YES;
				CLANG_WARN_BOOL_CONVERSION = YES;
				CLANG_WARN_CONSTANT_CONVERSION = YES;
				CLANG_WARN_DIRECT_OBJC_ISA_USAGE = YES_ERROR;
				CLANG_WARN_DOCUMENTATION_COMMENTS = YES;
				CLANG_WARN_EMPTY_BODY = YES;
				CLANG_WARN_ENUM_CONVERSION = YES;
				CLANG_WARN_INFINITE_RECURSION = YES;
				CLANG_WARN_INT_CONVERSION = YES;
				CLANG_WARN_OBJC_ROOT_CLASS = YES_ERROR;
				CLANG_WARN_SUSPICIOUS_MOVES = YES;
				CLANG_WARN_UNREACHABLE_CODE = YES;
				CLANG_WARN__DUPLICATE_METHOD_MATCH = YES;
				"CODE_SIGN_IDENTITY[sdk=iphoneos*]" = "iPhone Developer";
				COPY_PHASE_STRIP = NO;
				DEBUG_INFORMATION_FORMAT = "dwarf-with-dsym";
				ENABLE_NS_ASSERTIONS = NO;
				ENABLE_STRICT_OBJC_MSGSEND = YES;
				GCC_C_LANGUAGE_STANDARD = gnu99;
				GCC_NO_COMMON_BLOCKS = YES;
				GCC_WARN_64_TO_32_BIT_CONVERSION = YES;
				GCC_WARN_ABOUT_RETURN_TYPE = YES_ERROR;
				GCC_WARN_UNDECLARED_SELECTOR = YES;
				GCC_WARN_UNINITIALIZED_AUTOS = YES_AGGRESSIVE;
				GCC_WARN_UNUSED_FUNCTION = YES;
				GCC_WARN_UNUSED_VARIABLE = YES;
				IPHONEOS_DEPLOYMENT_TARGET = 10.1;
				MTL_ENABLE_DEBUG_INFO = NO;
				SDKROOT = iphoneos;
				VALIDATE_PRODUCT = YES;
			};
			name = Release;
		};
		045383201DD411A400BAF33D /* Debug */ = {
			isa = XCBuildConfiguration;
			buildSettings = {
				ASSETCATALOG_COMPILER_APPICON_NAME = AppIcon;
				DEVELOPMENT_TEAM = ZFHSP8SEMY;
				INFOPLIST_FILE = YzcChart/Info.plist;
				IPHONEOS_DEPLOYMENT_TARGET = 9.3;
				LD_RUNPATH_SEARCH_PATHS = "$(inherited) @executable_path/Frameworks";
				PRODUCT_BUNDLE_IDENTIFIER = com.yzc.YzcChart;
				PRODUCT_NAME = "$(TARGET_NAME)";
			};
			name = Debug;
		};
		045383211DD411A400BAF33D /* Release */ = {
			isa = XCBuildConfiguration;
			buildSettings = {
				ASSETCATALOG_COMPILER_APPICON_NAME = AppIcon;
				DEVELOPMENT_TEAM = ZFHSP8SEMY;
				INFOPLIST_FILE = YzcChart/Info.plist;
				IPHONEOS_DEPLOYMENT_TARGET = 9.3;
				LD_RUNPATH_SEARCH_PATHS = "$(inherited) @executable_path/Frameworks";
				PRODUCT_BUNDLE_IDENTIFIER = com.yzc.YzcChart;
				PRODUCT_NAME = "$(TARGET_NAME)";
			};
			name = Release;
		};
		045383231DD411A400BAF33D /* Debug */ = {
			isa = XCBuildConfiguration;
			buildSettings = {
				BUNDLE_LOADER = "$(TEST_HOST)";
				DEVELOPMENT_TEAM = ZFHSP8SEMY;
				INFOPLIST_FILE = YzcChartTests/Info.plist;
				LD_RUNPATH_SEARCH_PATHS = "$(inherited) @executable_path/Frameworks @loader_path/Frameworks";
				PRODUCT_BUNDLE_IDENTIFIER = com.yzc.YzcChartTests;
				PRODUCT_NAME = "$(TARGET_NAME)";
				TEST_HOST = "$(BUILT_PRODUCTS_DIR)/YzcChart.app/YzcChart";
			};
			name = Debug;
		};
		045383241DD411A400BAF33D /* Release */ = {
			isa = XCBuildConfiguration;
			buildSettings = {
				BUNDLE_LOADER = "$(TEST_HOST)";
				DEVELOPMENT_TEAM = ZFHSP8SEMY;
				INFOPLIST_FILE = YzcChartTests/Info.plist;
				LD_RUNPATH_SEARCH_PATHS = "$(inherited) @executable_path/Frameworks @loader_path/Frameworks";
				PRODUCT_BUNDLE_IDENTIFIER = com.yzc.YzcChartTests;
				PRODUCT_NAME = "$(TARGET_NAME)";
				TEST_HOST = "$(BUILT_PRODUCTS_DIR)/YzcChart.app/YzcChart";
			};
			name = Release;
		};
		045383261DD411A400BAF33D /* Debug */ = {
			isa = XCBuildConfiguration;
			buildSettings = {
				DEVELOPMENT_TEAM = ZFHSP8SEMY;
				INFOPLIST_FILE = YzcChartUITests/Info.plist;
				LD_RUNPATH_SEARCH_PATHS = "$(inherited) @executable_path/Frameworks @loader_path/Frameworks";
				PRODUCT_BUNDLE_IDENTIFIER = com.yzc.YzcChartUITests;
				PRODUCT_NAME = "$(TARGET_NAME)";
				TEST_TARGET_NAME = YzcChart;
			};
			name = Debug;
		};
		045383271DD411A400BAF33D /* Release */ = {
			isa = XCBuildConfiguration;
			buildSettings = {
				DEVELOPMENT_TEAM = ZFHSP8SEMY;
				INFOPLIST_FILE = YzcChartUITests/Info.plist;
				LD_RUNPATH_SEARCH_PATHS = "$(inherited) @executable_path/Frameworks @loader_path/Frameworks";
				PRODUCT_BUNDLE_IDENTIFIER = com.yzc.YzcChartUITests;
				PRODUCT_NAME = "$(TARGET_NAME)";
				TEST_TARGET_NAME = YzcChart;
			};
			name = Release;
		};
/* End XCBuildConfiguration section */

/* Begin XCConfigurationList section */
		045382ED1DD411A400BAF33D /* Build configuration list for PBXProject "YzcChart" */ = {
			isa = XCConfigurationList;
			buildConfigurations = (
				0453831D1DD411A400BAF33D /* Debug */,
				0453831E1DD411A400BAF33D /* Release */,
			);
			defaultConfigurationIsVisible = 0;
			defaultConfigurationName = Release;
		};
		0453831F1DD411A400BAF33D /* Build configuration list for PBXNativeTarget "YzcChart" */ = {
			isa = XCConfigurationList;
			buildConfigurations = (
				045383201DD411A400BAF33D /* Debug */,
				045383211DD411A400BAF33D /* Release */,
			);
			defaultConfigurationIsVisible = 0;
			defaultConfigurationName = Release;
		};
		045383221DD411A400BAF33D /* Build configuration list for PBXNativeTarget "YzcChartTests" */ = {
			isa = XCConfigurationList;
			buildConfigurations = (
				045383231DD411A400BAF33D /* Debug */,
				045383241DD411A400BAF33D /* Release */,
			);
			defaultConfigurationIsVisible = 0;
			defaultConfigurationName = Release;
		};
		045383251DD411A400BAF33D /* Build configuration list for PBXNativeTarget "YzcChartUITests" */ = {
			isa = XCConfigurationList;
			buildConfigurations = (
				045383261DD411A400BAF33D /* Debug */,
				045383271DD411A400BAF33D /* Release */,
			);
			defaultConfigurationIsVisible = 0;
			defaultConfigurationName = Release;
		};
/* End XCConfigurationList section */
	};
	rootObject = 045382EA1DD411A400BAF33D /* Project object */;
}
